
Microsoft Visual Studio Solution File, Format Version 12.00
# Visual Studio 15
VisualStudioVersion = 15.0.28307.438
MinimumVisualStudioVersion = 10.0.40219.1
Project("{FAE04EC0-301F-11D3-BF4B-00C04F79EFBC}") = "COMP2084_Midterm_Practical", "COMP2084_Midterm_Practical\COMP2084_Midterm_Practical.csproj", "{7D0817B6-B59D-4ACF-8CE9-7F26A63527B7}"
EndProject
Global
	GlobalSection(SolutionConfigurationPlatforms) = preSolution
		Debug|Any CPU = Debug|Any CPU
		Release|Any CPU = Release|Any CPU
	EndGlobalSection
	GlobalSection(ProjectConfigurationPlatforms) = postSolution
		{7D0817B6-B59D-4ACF-8CE9-7F26A63527B7}.Debug|Any CPU.ActiveCfg = Debug|Any CPU
		{7D0817B6-B59D-4ACF-8CE9-7F26A63527B7}.Debug|Any CPU.Build.0 = Debug|Any CPU
		{7D0817B6-B59D-4ACF-8CE9-7F26A63527B7}.Release|Any CPU.ActiveCfg = Release|Any CPU
		{7D0817B6-B59D-4ACF-8CE9-7F26A63527B7}.Release|Any CPU.Build.0 = Release|Any CPU
	EndGlobalSection
	GlobalSection(SolutionProperties) = preSolution
		HideSolutionNode = FALSE
	EndGlobalSection
	GlobalSection(ExtensibilityGlobals) = postSolution
		SolutionGuid = {E120DC71-A099-4C1F-878F-CC2C035BCFCB}
	EndGlobalSection
EndGlobal
